// !$*UTF8*$!
{
	archiveVersion = 1;
	classes = {
	};
	objectVersion = 77;
	objects = {

/* Begin PBXBuildFile section */
		053B3918C6BB7224C8254F98 /* SystemAudioDucker.swift in Sources */ = {isa = PBXBuildFile; fileRef = 99B0DBCC798475BD0F685421 /* SystemAudioDucker.swift */; };
		0A353AE2D8C636D166D60504 /* HotkeyManager.swift in Sources */ = {isa = PBXBuildFile; fileRef = 00B51F9E10EE5BEA66A155EB /* HotkeyManager.swift */; };
		0DFF5E1278A6A55161AEDEC3 /* CorrectionWatcher.swift in Sources */ = {isa = PBXBuildFile; fileRef = F468DBF87B5972A54C1F348B /* CorrectionWatcher.swift */; };
		0F23DEA6503B962C8AD32E08 /* OrderKitchen.swift in Sources */ = {isa = PBXBuildFile; fileRef = 4A63DDE37998755FB4CB7089 /* OrderKitchen.swift */; };
		11C3D9358024BA45BE088E5E /* PourStore.swift in Sources */ = {isa = PBXBuildFile; fileRef = DF995F241EC5EAAFEE4BBCFE /* PourStore.swift */; };
		19332CFF80B4BC0AEF00AABB /* WritingPreferences.swift in Sources */ = {isa = PBXBuildFile; fileRef = 3BDD72F977C6D7E259E91BCC /* WritingPreferences.swift */; };
		1A04DCE4D81D5502CFC471F2 /* ListeningOverlayView.swift in Sources */ = {isa = PBXBuildFile; fileRef = 3D83F3E67D25DABE992991FB /* ListeningOverlayView.swift */; };
		232BEEBACCE2C01B875B7F34 /* ActiveAppContext.swift in Sources */ = {isa = PBXBuildFile; fileRef = 2267000C43209C6905193E7E /* ActiveAppContext.swift */; };
		23A99371F37017E7EBE90921 /* Bouncer.mlpackage in Sources */ = {isa = PBXBuildFile; fileRef = 05B90735D8B9EA0D242D917C /* Bouncer.mlpackage */; };
		243D00DD038BA227A1241816 /* Log.swift in Sources */ = {isa = PBXBuildFile; fileRef = D5094097141E61A6991382CB /* Log.swift */; };
		25A9B5F0521F0FC05E263C2A /* ParakeetTranscriber.swift in Sources */ = {isa = PBXBuildFile; fileRef = 2C3BE746E8EF3FD2EE3E947D /* ParakeetTranscriber.swift */; };
		26F3D45DD7B010FFEDD96CB6 /* BeersSnapshot.swift in Sources */ = {isa = PBXBuildFile; fileRef = E59977506C7EDC14B88EDB93 /* BeersSnapshot.swift */; };
		2B6276A547848425B77D113E /* HotkeyOption.swift in Sources */ = {isa = PBXBuildFile; fileRef = 3916FAFC0F23FE7898D73EAA /* HotkeyOption.swift */; };
		37754EEBC7CA36417AA04636 /* TranscriptPolisher.swift in Sources */ = {isa = PBXBuildFile; fileRef = 075921A149952F27423F54B0 /* TranscriptPolisher.swift */; };
		37E39367A61C6E4DA6C4BCC0 /* VocabularyEditorView.swift in Sources */ = {isa = PBXBuildFile; fileRef = BDEA0FB3A811F73904043201 /* VocabularyEditorView.swift */; };
		3E2AB80855B77DA15AD8F1B3 /* OverlayWindowController.swift in Sources */ = {isa = PBXBuildFile; fileRef = 93C2A06D187E3004EC7E1711 /* OverlayWindowController.swift */; };
		45AFAB29047B5D04D69A1E3A /* SelectionReader.swift in Sources */ = {isa = PBXBuildFile; fileRef = 1E7F57D26D08E6A5EF7C7C85 /* SelectionReader.swift */; };
		46DB05A650037E3720BC59FC /* FirstRoundView.swift in Sources */ = {isa = PBXBuildFile; fileRef = 8F3E181E43741EAE91555F70 /* FirstRoundView.swift */; };
		46ECE74CC37C9A3C13C252AB /* WritingMode.swift in Sources */ = {isa = PBXBuildFile; fileRef = 2833284E00D4AD5957F0E35E /* WritingMode.swift */; };
		4C96CAAE7D7E4E3B592B4075 /* app-icon.png in Resources */ = {isa = PBXBuildFile; fileRef = 8E53B2E7A143FE54C0DCBD6D /* app-icon.png */; };
		4EA50DDF8A5AD3BFA6E47AF5 /* AudioRecorder.swift in Sources */ = {isa = PBXBuildFile; fileRef = 7F45A43414E8B455654057BC /* AudioRecorder.swift */; };
		583E71E88481B3CD176B0ECC /* FlywheelLog.swift in Sources */ = {isa = PBXBuildFile; fileRef = 51737C6914C907DDD9FD209E /* FlywheelLog.swift */; };
		5DA1FB221A5F2B7F8CCAAC29 /* BrewControlsView.swift in Sources */ = {isa = PBXBuildFile; fileRef = DE344F0921ED779B1428F827 /* BrewControlsView.swift */; };
		61731B469B55D989C283B119 /* labels.json in Resources */ = {isa = PBXBuildFile; fileRef = DB79E0B4D841CF54E0E82EB9 /* labels.json */; };
		63B72524519A49BDEA44DC89 /* MainWindowPresenter.swift in Sources */ = {isa = PBXBuildFile; fileRef = D794AD62E24F4612DAE68040 /* MainWindowPresenter.swift */; };
		64372433477F37D2603F3F1C /* TaproomView.swift in Sources */ = {isa = PBXBuildFile; fileRef = F951624D1F56A0FC1FC8D85E /* TaproomView.swift */; };
		6A955112E55979F3AD895DB4 /* AITranscriptRewriter.swift in Sources */ = {isa = PBXBuildFile; fileRef = F3E241756F93FBE4BE24C9F7 /* AITranscriptRewriter.swift */; };
		70B4F9DFF2D6AC184BF77C8D /* menubar-recording.png in Resources */ = {isa = PBXBuildFile; fileRef = EBB438AD8C73F9759789F37A /* menubar-recording.png */; };
		7221800784D887FA4467AAC7 /* FluidAudio in Frameworks */ = {isa = PBXBuildFile; productRef = C5AEF2B78562A128C9ECB9B9 /* FluidAudio */; };
		740358493A3FC16206B0A419 /* RammettoOne-Regular.ttf in Resources */ = {isa = PBXBuildFile; fileRef = 8D3A517AAB987970840AA2E5 /* RammettoOne-Regular.ttf */; };
		780898F52CA0AF850A048EC6 /* AppState.swift in Sources */ = {isa = PBXBuildFile; fileRef = 38953F064BADECA1F8FF74DD /* AppState.swift */; };
		7AAAB47C4E2180DB2336CB84 /* OFL-NOTICE.txt in Resources */ = {isa = PBXBuildFile; fileRef = 39254F6A9FA541854FA8A91C /* OFL-NOTICE.txt */; };
		8470CAEFF9B7098135C4CEE6 /* StatusBarView.swift in Sources */ = {isa = PBXBuildFile; fileRef = BD7B8077E418C3E3BF583E96 /* StatusBarView.swift */; };
		87FF3B47AFD540F3F79FCA12 /* AppIcon.icns in Resources */ = {isa = PBXBuildFile; fileRef = 49A6EA612E0684AF83094D9B /* AppIcon.icns */; };
		9C144DE67D485D04B06B40BA /* logo-b-small.png in Resources */ = {isa = PBXBuildFile; fileRef = 128615C78B7BA95911149127 /* logo-b-small.png */; };
		9D6782B618AF61CFCCE46D1D /* Permissions.swift in Sources */ = {isa = PBXBuildFile; fileRef = 7EF6550396CF3656DF71F30C /* Permissions.swift */; };
		B0CD9D93BE2D08C4C3D7B2CD /* Fredoka-Medium.ttf in Resources */ = {isa = PBXBuildFile; fileRef = 9DB12448E0D908733EF7E6B4 /* Fredoka-Medium.ttf */; };
		B585FFB47468858EE5F26C6F /* threshold.json in Resources */ = {isa = PBXBuildFile; fileRef = 478E4AD8EECFE3E10041328B /* threshold.json */; };
		B80BB36C8F4CB6E6F4B29814 /* vocab.txt in Resources */ = {isa = PBXBuildFile; fileRef = 00971B9B9DF9C8ACDC0B68DA /* vocab.txt */; };
		C894D64DB4D3FABAA9CC3272 /* VocabularyCorrections.swift in Sources */ = {isa = PBXBuildFile; fileRef = DE49B49408F90022AC878A2D /* VocabularyCorrections.swift */; };
		D1CAB137121FB595EA0899FE /* menubar-idle.png in Resources */ = {isa = PBXBuildFile; fileRef = D13E256F30EC831C3126ED1B /* menubar-idle.png */; };
		D3E8E22F66899EB96D3E2B3F /* DictationEngine.swift in Sources */ = {isa = PBXBuildFile; fileRef = F126A39C344959EF0C83D776 /* DictationEngine.swift */; };
		D882C39AC7715A27EF9B6D25 /* Fredoka-SemiBold.ttf in Resources */ = {isa = PBXBuildFile; fileRef = AC38823F9A66E7A895995C85 /* Fredoka-SemiBold.ttf */; };
		D9F23819CAE84BCF58984E23 /* TranscriptionEngine.swift in Sources */ = {isa = PBXBuildFile; fileRef = 951F0E6872182F27D5DC3138 /* TranscriptionEngine.swift */; };
		DAA3A1B943685C5A76F3548A /* BeersTheme.swift in Sources */ = {isa = PBXBuildFile; fileRef = F8CF96CFDD2D530C4D97A400 /* BeersTheme.swift */; };
		DB1FC39EBCA1CF331E34D4CC /* Bouncer.swift in Sources */ = {isa = PBXBuildFile; fileRef = 25A51748BB0418E2950FB1AA /* Bouncer.swift */; };
		E0100565668B46630B83ED6F /* VocabularySuggestions.swift in Sources */ = {isa = PBXBuildFile; fileRef = 053674688A577984EBDD615A /* VocabularySuggestions.swift */; };
		E6B1C53CA9C076B90B43FCD7 /* App.swift in Sources */ = {isa = PBXBuildFile; fileRef = 03CFA3F5C59001F8C8349C32 /* App.swift */; };
		EA479BF9120D9C8CB3907939 /* Fredoka-Regular.ttf in Resources */ = {isa = PBXBuildFile; fileRef = 932AE11A0C61113542EB6F26 /* Fredoka-Regular.ttf */; };
		F087C25284CBCF2E94391D6D /* Fredoka-Bold.ttf in Resources */ = {isa = PBXBuildFile; fileRef = 8D7DAFFD4D31D6AC4BAE9C80 /* Fredoka-Bold.ttf */; };
		F2FB2CF31A4538FDECAD5C16 /* TextPaster.swift in Sources */ = {isa = PBXBuildFile; fileRef = 8224FA940B0F0E367DEFB66C /* TextPaster.swift */; };
		FC621BBF2C0A9B8052FB31F9 /* menubar-busy.png in Resources */ = {isa = PBXBuildFile; fileRef = AADCAF42C8C59A153494F466 /* menubar-busy.png */; };
/* End PBXBuildFile section */

/* Begin PBXFileReference section */
		00971B9B9DF9C8ACDC0B68DA /* vocab.txt */ = {isa = PBXFileReference; lastKnownFileType = text; path = vocab.txt; sourceTree = "<group>"; };
		00B51F9E10EE5BEA66A155EB /* HotkeyManager.swift */ = {isa = PBXFileReference; lastKnownFileType = sourcecode.swift; path = HotkeyManager.swift; sourceTree = "<group>"; };
		03CFA3F5C59001F8C8349C32 /* App.swift */ = {isa = PBXFileReference; lastKnownFileType = sourcecode.swift; path = App.swift; sourceTree = "<group>"; };
		053674688A577984EBDD615A /* VocabularySuggestions.swift */ = {isa = PBXFileReference; lastKnownFileType = sourcecode.swift; path = VocabularySuggestions.swift; sourceTree = "<group>"; };
		05B90735D8B9EA0D242D917C /* Bouncer.mlpackage */ = {isa = PBXFileReference; path = Bouncer.mlpackage; sourceTree = "<group>"; };
		075921A149952F27423F54B0 /* TranscriptPolisher.swift */ = {isa = PBXFileReference; lastKnownFileType = sourcecode.swift; path = TranscriptPolisher.swift; sourceTree = "<group>"; };
		128615C78B7BA95911149127 /* logo-b-small.png */ = {isa = PBXFileReference; lastKnownFileType = image.png; path = "logo-b-small.png"; sourceTree = "<group>"; };
		1E7F57D26D08E6A5EF7C7C85 /* SelectionReader.swift */ = {isa = PBXFileReference; lastKnownFileType = sourcecode.swift; path = SelectionReader.swift; sourceTree = "<group>"; };
		2267000C43209C6905193E7E /* ActiveAppContext.swift */ = {isa = PBXFileReference; lastKnownFileType = sourcecode.swift; path = ActiveAppContext.swift; sourceTree = "<group>"; };
		25A51748BB0418E2950FB1AA /* Bouncer.swift */ = {isa = PBXFileReference; lastKnownFileType = sourcecode.swift; path = Bouncer.swift; sourceTree = "<group>"; };
		2833284E00D4AD5957F0E35E /* WritingMode.swift */ = {isa = PBXFileReference; lastKnownFileType = sourcecode.swift; path = WritingMode.swift; sourceTree = "<group>"; };
		2C3BE746E8EF3FD2EE3E947D /* ParakeetTranscriber.swift */ = {isa = PBXFileReference; lastKnownFileType = sourcecode.swift; path = ParakeetTranscriber.swift; sourceTree = "<group>"; };
		38953F064BADECA1F8FF74DD /* AppState.swift */ = {isa = PBXFileReference; lastKnownFileType = sourcecode.swift; path = AppState.swift; sourceTree = "<group>"; };
		3916FAFC0F23FE7898D73EAA /* HotkeyOption.swift */ = {isa = PBXFileReference; lastKnownFileType = sourcecode.swift; path = HotkeyOption.swift; sourceTree = "<group>"; };
		39254F6A9FA541854FA8A91C /* OFL-NOTICE.txt */ = {isa = PBXFileReference; lastKnownFileType = text; path = "OFL-NOTICE.txt"; sourceTree = "<group>"; };
		3BDD72F977C6D7E259E91BCC /* WritingPreferences.swift */ = {isa = PBXFileReference; lastKnownFileType = sourcecode.swift; path = WritingPreferences.swift; sourceTree = "<group>"; };
		3D83F3E67D25DABE992991FB /* ListeningOverlayView.swift */ = {isa = PBXFileReference; lastKnownFileType = sourcecode.swift; path = ListeningOverlayView.swift; sourceTree = "<group>"; };
		3FE80CC372C7585A1496D0E3 /* LlatserListen.app */ = {isa = PBXFileReference; explicitFileType = wrapper.application; includeInIndex = 0; path = LlatserListen.app; sourceTree = BUILT_PRODUCTS_DIR; };
		478E4AD8EECFE3E10041328B /* threshold.json */ = {isa = PBXFileReference; lastKnownFileType = text.json; path = threshold.json; sourceTree = "<group>"; };
		49A6EA612E0684AF83094D9B /* AppIcon.icns */ = {isa = PBXFileReference; lastKnownFileType = image.icns; path = AppIcon.icns; sourceTree = "<group>"; };
		4A63DDE37998755FB4CB7089 /* OrderKitchen.swift */ = {isa = PBXFileReference; lastKnownFileType = sourcecode.swift; path = OrderKitchen.swift; sourceTree = "<group>"; };
		51737C6914C907DDD9FD209E /* FlywheelLog.swift */ = {isa = PBXFileReference; lastKnownFileType = sourcecode.swift; path = FlywheelLog.swift; sourceTree = "<group>"; };
		7EE65B29509B2AE98056EB22 /* Info.plist */ = {isa = PBXFileReference; lastKnownFileType = text.plist; path = Info.plist; sourceTree = "<group>"; };
		7EF6550396CF3656DF71F30C /* Permissions.swift */ = {isa = PBXFileReference; lastKnownFileType = sourcecode.swift; path = Permissions.swift; sourceTree = "<group>"; };
		7F45A43414E8B455654057BC /* AudioRecorder.swift */ = {isa = PBXFileReference; lastKnownFileType = sourcecode.swift; path = AudioRecorder.swift; sourceTree = "<group>"; };
		8224FA940B0F0E367DEFB66C /* TextPaster.swift */ = {isa = PBXFileReference; lastKnownFileType = sourcecode.swift; path = TextPaster.swift; sourceTree = "<group>"; };
		8D3A517AAB987970840AA2E5 /* RammettoOne-Regular.ttf */ = {isa = PBXFileReference; lastKnownFileType = file; path = "RammettoOne-Regular.ttf"; sourceTree = "<group>"; };
		8D7DAFFD4D31D6AC4BAE9C80 /* Fredoka-Bold.ttf */ = {isa = PBXFileReference; lastKnownFileType = file; path = "Fredoka-Bold.ttf"; sourceTree = "<group>"; };
		8E3A2C7E05F979E07C910886 /* LlatserListen.entitlements */ = {isa = PBXFileReference; lastKnownFileType = text.plist.entitlements; path = LlatserListen.entitlements; sourceTree = "<group>"; };
		8E53B2E7A143FE54C0DCBD6D /* app-icon.png */ = {isa = PBXFileReference; lastKnownFileType = image.png; path = "app-icon.png"; sourceTree = "<group>"; };
		8F3E181E43741EAE91555F70 /* FirstRoundView.swift */ = {isa = PBXFileReference; lastKnownFileType = sourcecode.swift; path = FirstRoundView.swift; sourceTree = "<group>"; };
		932AE11A0C61113542EB6F26 /* Fredoka-Regular.ttf */ = {isa = PBXFileReference; lastKnownFileType = file; path = "Fredoka-Regular.ttf"; sourceTree = "<group>"; };
		93C2A06D187E3004EC7E1711 /* OverlayWindowController.swift */ = {isa = PBXFileReference; lastKnownFileType = sourcecode.swift; path = OverlayWindowController.swift; sourceTree = "<group>"; };
		951F0E6872182F27D5DC3138 /* TranscriptionEngine.swift */ = {isa = PBXFileReference; lastKnownFileType = sourcecode.swift; path = TranscriptionEngine.swift; sourceTree = "<group>"; };
		99B0DBCC798475BD0F685421 /* SystemAudioDucker.swift */ = {isa = PBXFileReference; lastKnownFileType = sourcecode.swift; path = SystemAudioDucker.swift; sourceTree = "<group>"; };
		9DB12448E0D908733EF7E6B4 /* Fredoka-Medium.ttf */ = {isa = PBXFileReference; lastKnownFileType = file; path = "Fredoka-Medium.ttf"; sourceTree = "<group>"; };
		AADCAF42C8C59A153494F466 /* menubar-busy.png */ = {isa = PBXFileReference; lastKnownFileType = image.png; path = "menubar-busy.png"; sourceTree = "<group>"; };
		AC38823F9A66E7A895995C85 /* Fredoka-SemiBold.ttf */ = {isa = PBXFileReference; lastKnownFileType = file; path = "Fredoka-SemiBold.ttf"; sourceTree = "<group>"; };
		BD7B8077E418C3E3BF583E96 /* StatusBarView.swift */ = {isa = PBXFileReference; lastKnownFileType = sourcecode.swift; path = StatusBarView.swift; sourceTree = "<group>"; };
		BDEA0FB3A811F73904043201 /* VocabularyEditorView.swift */ = {isa = PBXFileReference; lastKnownFileType = sourcecode.swift; path = VocabularyEditorView.swift; sourceTree = "<group>"; };
		D13E256F30EC831C3126ED1B /* menubar-idle.png */ = {isa = PBXFileReference; lastKnownFileType = image.png; path = "menubar-idle.png"; sourceTree = "<group>"; };
		D5094097141E61A6991382CB /* Log.swift */ = {isa = PBXFileReference; lastKnownFileType = sourcecode.swift; path = Log.swift; sourceTree = "<group>"; };
		D794AD62E24F4612DAE68040 /* MainWindowPresenter.swift */ = {isa = PBXFileReference; lastKnownFileType = sourcecode.swift; path = MainWindowPresenter.swift; sourceTree = "<group>"; };
		DB79E0B4D841CF54E0E82EB9 /* labels.json */ = {isa = PBXFileReference; lastKnownFileType = text.json; path = labels.json; sourceTree = "<group>"; };
		DE344F0921ED779B1428F827 /* BrewControlsView.swift */ = {isa = PBXFileReference; lastKnownFileType = sourcecode.swift; path = BrewControlsView.swift; sourceTree = "<group>"; };
		DE49B49408F90022AC878A2D /* VocabularyCorrections.swift */ = {isa = PBXFileReference; lastKnownFileType = sourcecode.swift; path = VocabularyCorrections.swift; sourceTree = "<group>"; };
		DF995F241EC5EAAFEE4BBCFE /* PourStore.swift */ = {isa = PBXFileReference; lastKnownFileType = sourcecode.swift; path = PourStore.swift; sourceTree = "<group>"; };
		E59977506C7EDC14B88EDB93 /* BeersSnapshot.swift */ = {isa = PBXFileReference; lastKnownFileType = sourcecode.swift; path = BeersSnapshot.swift; sourceTree = "<group>"; };
		EBB438AD8C73F9759789F37A /* menubar-recording.png */ = {isa = PBXFileReference; lastKnownFileType = image.png; path = "menubar-recording.png"; sourceTree = "<group>"; };
		F126A39C344959EF0C83D776 /* DictationEngine.swift */ = {isa = PBXFileReference; lastKnownFileType = sourcecode.swift; path = DictationEngine.swift; sourceTree = "<group>"; };
		F3E241756F93FBE4BE24C9F7 /* AITranscriptRewriter.swift */ = {isa = PBXFileReference; lastKnownFileType = sourcecode.swift; path = AITranscriptRewriter.swift; sourceTree = "<group>"; };
		F468DBF87B5972A54C1F348B /* CorrectionWatcher.swift */ = {isa = PBXFileReference; lastKnownFileType = sourcecode.swift; path = CorrectionWatcher.swift; sourceTree = "<group>"; };
		F8CF96CFDD2D530C4D97A400 /* BeersTheme.swift */ = {isa = PBXFileReference; lastKnownFileType = sourcecode.swift; path = BeersTheme.swift; sourceTree = "<group>"; };
		F951624D1F56A0FC1FC8D85E /* TaproomView.swift */ = {isa = PBXFileReference; lastKnownFileType = sourcecode.swift; path = TaproomView.swift; sourceTree = "<group>"; };
/* End PBXFileReference section */

/* Begin PBXFrameworksBuildPhase section */
		F705A819EC158F2FCDE99C49 /* Frameworks */ = {
			isa = PBXFrameworksBuildPhase;
			buildActionMask = 2147483647;
			files = (
				7221800784D887FA4467AAC7 /* FluidAudio in Frameworks */,
			);
			runOnlyForDeploymentPostprocessing = 0;
		};
/* End PBXFrameworksBuildPhase section */

/* Begin PBXGroup section */
		30637546C3DCCA3C3D7B7412 /* Bouncer */ = {
			isa = PBXGroup;
			children = (
				05B90735D8B9EA0D242D917C /* Bouncer.mlpackage */,
				DB79E0B4D841CF54E0E82EB9 /* labels.json */,
				478E4AD8EECFE3E10041328B /* threshold.json */,
				00971B9B9DF9C8ACDC0B68DA /* vocab.txt */,
			);
			path = Bouncer;
			sourceTree = "<group>";
		};
		3104E531A448DFFD7C04519C /* Resources */ = {
			isa = PBXGroup;
			children = (
				30637546C3DCCA3C3D7B7412 /* Bouncer */,
				3653EA42B87E71EA5B5E8F17 /* BrandAssets */,
				991373C6B81D9660B0C8051E /* Fonts */,
			);
			path = Resources;
			sourceTree = "<group>";
		};
		3653EA42B87E71EA5B5E8F17 /* BrandAssets */ = {
			isa = PBXGroup;
			children = (
				8E53B2E7A143FE54C0DCBD6D /* app-icon.png */,
				128615C78B7BA95911149127 /* logo-b-small.png */,
				AADCAF42C8C59A153494F466 /* menubar-busy.png */,
				D13E256F30EC831C3126ED1B /* menubar-idle.png */,
				EBB438AD8C73F9759789F37A /* menubar-recording.png */,
			);
			path = BrandAssets;
			sourceTree = "<group>";
		};
		3D020934E02CD82DA0EA4442 = {
			isa = PBXGroup;
			children = (
				D4D8541BC9046ADC5F713B55 /* LlatserListen */,
				9CE67A69D255F10E9DE0D1A7 /* Products */,
			);
			sourceTree = "<group>";
		};
		991373C6B81D9660B0C8051E /* Fonts */ = {
			isa = PBXGroup;
			children = (
				8D7DAFFD4D31D6AC4BAE9C80 /* Fredoka-Bold.ttf */,
				9DB12448E0D908733EF7E6B4 /* Fredoka-Medium.ttf */,
				932AE11A0C61113542EB6F26 /* Fredoka-Regular.ttf */,
				AC38823F9A66E7A895995C85 /* Fredoka-SemiBold.ttf */,
				39254F6A9FA541854FA8A91C /* OFL-NOTICE.txt */,
				8D3A517AAB987970840AA2E5 /* RammettoOne-Regular.ttf */,
			);
			path = Fonts;
			sourceTree = "<group>";
		};
		9CE67A69D255F10E9DE0D1A7 /* Products */ = {
			isa = PBXGroup;
			children = (
				3FE80CC372C7585A1496D0E3 /* LlatserListen.app */,
			);
			name = Products;
			sourceTree = "<group>";
		};
		D4D8541BC9046ADC5F713B55 /* LlatserListen */ = {
			isa = PBXGroup;
			children = (
				2267000C43209C6905193E7E /* ActiveAppContext.swift */,
				F3E241756F93FBE4BE24C9F7 /* AITranscriptRewriter.swift */,
				03CFA3F5C59001F8C8349C32 /* App.swift */,
				49A6EA612E0684AF83094D9B /* AppIcon.icns */,
				38953F064BADECA1F8FF74DD /* AppState.swift */,
				7F45A43414E8B455654057BC /* AudioRecorder.swift */,
				E59977506C7EDC14B88EDB93 /* BeersSnapshot.swift */,
				F8CF96CFDD2D530C4D97A400 /* BeersTheme.swift */,
				25A51748BB0418E2950FB1AA /* Bouncer.swift */,
				DE344F0921ED779B1428F827 /* BrewControlsView.swift */,
				F468DBF87B5972A54C1F348B /* CorrectionWatcher.swift */,
				F126A39C344959EF0C83D776 /* DictationEngine.swift */,
				8F3E181E43741EAE91555F70 /* FirstRoundView.swift */,
				51737C6914C907DDD9FD209E /* FlywheelLog.swift */,
				00B51F9E10EE5BEA66A155EB /* HotkeyManager.swift */,
				3916FAFC0F23FE7898D73EAA /* HotkeyOption.swift */,
				7EE65B29509B2AE98056EB22 /* Info.plist */,
				3D83F3E67D25DABE992991FB /* ListeningOverlayView.swift */,
				8E3A2C7E05F979E07C910886 /* LlatserListen.entitlements */,
				D5094097141E61A6991382CB /* Log.swift */,
				D794AD62E24F4612DAE68040 /* MainWindowPresenter.swift */,
				4A63DDE37998755FB4CB7089 /* OrderKitchen.swift */,
				93C2A06D187E3004EC7E1711 /* OverlayWindowController.swift */,
				2C3BE746E8EF3FD2EE3E947D /* ParakeetTranscriber.swift */,
				7EF6550396CF3656DF71F30C /* Permissions.swift */,
				DF995F241EC5EAAFEE4BBCFE /* PourStore.swift */,
				1E7F57D26D08E6A5EF7C7C85 /* SelectionReader.swift */,
				BD7B8077E418C3E3BF583E96 /* StatusBarView.swift */,
				99B0DBCC798475BD0F685421 /* SystemAudioDucker.swift */,
				F951624D1F56A0FC1FC8D85E /* TaproomView.swift */,
				8224FA940B0F0E367DEFB66C /* TextPaster.swift */,
				951F0E6872182F27D5DC3138 /* TranscriptionEngine.swift */,
				075921A149952F27423F54B0 /* TranscriptPolisher.swift */,
				DE49B49408F90022AC878A2D /* VocabularyCorrections.swift */,
				BDEA0FB3A811F73904043201 /* VocabularyEditorView.swift */,
				053674688A577984EBDD615A /* VocabularySuggestions.swift */,
				2833284E00D4AD5957F0E35E /* WritingMode.swift */,
				3BDD72F977C6D7E259E91BCC /* WritingPreferences.swift */,
				3104E531A448DFFD7C04519C /* Resources */,
			);
			path = LlatserListen;
			sourceTree = "<group>";
		};
/* End PBXGroup section */

/* Begin PBXNativeTarget section */
		9A1981D8F4A4EA483E3F6E50 /* LlatserListen */ = {
			isa = PBXNativeTarget;
			buildConfigurationList = 83013AAFA255AE50EC3DB413 /* Build configuration list for PBXNativeTarget "LlatserListen" */;
			buildPhases = (
				5B6B16E35EF0EDA055E77BEE /* Sources */,
				173F6EF0D16F1AF182B11B78 /* Resources */,
				F705A819EC158F2FCDE99C49 /* Frameworks */,
			);
			buildRules = (
			);
			dependencies = (
			);
			name = LlatserListen;
			packageProductDependencies = (
				C5AEF2B78562A128C9ECB9B9 /* FluidAudio */,
			);
			productName = LlatserListen;
			productReference = 3FE80CC372C7585A1496D0E3 /* LlatserListen.app */;
			productType = "com.apple.product-type.application";
		};
/* End PBXNativeTarget section */

/* Begin PBXProject section */
		8624537895714FB1F0068250 /* Project object */ = {
			isa = PBXProject;
			attributes = {
				BuildIndependentTargetsInParallel = YES;
				LastUpgradeCheck = 1600;
			};
			buildConfigurationList = 991A28CD885FC1DB733A7C76 /* Build configuration list for PBXProject "LlatserListen" */;
			compatibilityVersion = "Xcode 14.0";
			developmentRegion = en;
			hasScannedForEncodings = 0;
			knownRegions = (
				Base,
				en,
			);
			mainGroup = 3D020934E02CD82DA0EA4442;
			minimizedProjectReferenceProxies = 1;
			packageReferences = (
				90CC6ACDFF6BD3105C51BF79 /* XCRemoteSwiftPackageReference "FluidAudio" */,
			);
			preferredProjectObjectVersion = 77;
			projectDirPath = "";
			projectRoot = "";
			targets = (
				9A1981D8F4A4EA483E3F6E50 /* LlatserListen */,
			);
		};
/* End PBXProject section */

/* Begin PBXResourcesBuildPhase section */
		173F6EF0D16F1AF182B11B78 /* Resources */ = {
			isa = PBXResourcesBuildPhase;
			buildActionMask = 2147483647;
			files = (
				87FF3B47AFD540F3F79FCA12 /* AppIcon.icns in Resources */,
				F087C25284CBCF2E94391D6D /* Fredoka-Bold.ttf in Resources */,
				B0CD9D93BE2D08C4C3D7B2CD /* Fredoka-Medium.ttf in Resources */,
				EA479BF9120D9C8CB3907939 /* Fredoka-Regular.ttf in Resources */,
				D882C39AC7715A27EF9B6D25 /* Fredoka-SemiBold.ttf in Resources */,
				7AAAB47C4E2180DB2336CB84 /* OFL-NOTICE.txt in Resources */,
				740358493A3FC16206B0A419 /* RammettoOne-Regular.ttf in Resources */,
				4C96CAAE7D7E4E3B592B4075 /* app-icon.png in Resources */,
				61731B469B55D989C283B119 /* labels.json in Resources */,
				9C144DE67D485D04B06B40BA /* logo-b-small.png in Resources */,
				FC621BBF2C0A9B8052FB31F9 /* menubar-busy.png in Resources */,
				D1CAB137121FB595EA0899FE /* menubar-idle.png in Resources */,
				70B4F9DFF2D6AC184BF77C8D /* menubar-recording.png in Resources */,
				B585FFB47468858EE5F26C6F /* threshold.json in Resources */,
				B80BB36C8F4CB6E6F4B29814 /* vocab.txt in Resources */,
			);
			runOnlyForDeploymentPostprocessing = 0;
		};
/* End PBXResourcesBuildPhase section */

/* Begin PBXSourcesBuildPhase section */
		5B6B16E35EF0EDA055E77BEE /* Sources */ = {
			isa = PBXSourcesBuildPhase;
			buildActionMask = 2147483647;
			files = (
				6A955112E55979F3AD895DB4 /* AITranscriptRewriter.swift in Sources */,
				232BEEBACCE2C01B875B7F34 /* ActiveAppContext.swift in Sources */,
				E6B1C53CA9C076B90B43FCD7 /* App.swift in Sources */,
				780898F52CA0AF850A048EC6 /* AppState.swift in Sources */,
				4EA50DDF8A5AD3BFA6E47AF5 /* AudioRecorder.swift in Sources */,
				26F3D45DD7B010FFEDD96CB6 /* BeersSnapshot.swift in Sources */,
				DAA3A1B943685C5A76F3548A /* BeersTheme.swift in Sources */,
				23A99371F37017E7EBE90921 /* Bouncer.mlpackage in Sources */,
				DB1FC39EBCA1CF331E34D4CC /* Bouncer.swift in Sources */,
				5DA1FB221A5F2B7F8CCAAC29 /* BrewControlsView.swift in Sources */,
				0DFF5E1278A6A55161AEDEC3 /* CorrectionWatcher.swift in Sources */,
				D3E8E22F66899EB96D3E2B3F /* DictationEngine.swift in Sources */,
				46DB05A650037E3720BC59FC /* FirstRoundView.swift in Sources */,
				583E71E88481B3CD176B0ECC /* FlywheelLog.swift in Sources */,
				0A353AE2D8C636D166D60504 /* HotkeyManager.swift in Sources */,
				2B6276A547848425B77D113E /* HotkeyOption.swift in Sources */,
				1A04DCE4D81D5502CFC471F2 /* ListeningOverlayView.swift in Sources */,
				243D00DD038BA227A1241816 /* Log.swift in Sources */,
				63B72524519A49BDEA44DC89 /* MainWindowPresenter.swift in Sources */,
				0F23DEA6503B962C8AD32E08 /* OrderKitchen.swift in Sources */,
				3E2AB80855B77DA15AD8F1B3 /* OverlayWindowController.swift in Sources */,
				25A9B5F0521F0FC05E263C2A /* ParakeetTranscriber.swift in Sources */,
				9D6782B618AF61CFCCE46D1D /* Permissions.swift in Sources */,
				11C3D9358024BA45BE088E5E /* PourStore.swift in Sources */,
				45AFAB29047B5D04D69A1E3A /* SelectionReader.swift in Sources */,
				8470CAEFF9B7098135C4CEE6 /* StatusBarView.swift in Sources */,
				053B3918C6BB7224C8254F98 /* SystemAudioDucker.swift in Sources */,
				64372433477F37D2603F3F1C /* TaproomView.swift in Sources */,
				F2FB2CF31A4538FDECAD5C16 /* TextPaster.swift in Sources */,
				37754EEBC7CA36417AA04636 /* TranscriptPolisher.swift in Sources */,
				D9F23819CAE84BCF58984E23 /* TranscriptionEngine.swift in Sources */,
				C894D64DB4D3FABAA9CC3272 /* VocabularyCorrections.swift in Sources */,
				37E39367A61C6E4DA6C4BCC0 /* VocabularyEditorView.swift in Sources */,
				E0100565668B46630B83ED6F /* VocabularySuggestions.swift in Sources */,
				46ECE74CC37C9A3C13C252AB /* WritingMode.swift in Sources */,
				19332CFF80B4BC0AEF00AABB /* WritingPreferences.swift in Sources */,
			);
			runOnlyForDeploymentPostprocessing = 0;
		};
/* End PBXSourcesBuildPhase section */

/* Begin XCBuildConfiguration section */
		43748D7B0AA380A6FAB21B9C /* Release */ = {
			isa = XCBuildConfiguration;
			buildSettings = {
				ALWAYS_SEARCH_USER_PATHS = NO;
				CLANG_ANALYZER_NONNULL = YES;
				CLANG_ANALYZER_NUMBER_OBJECT_CONVERSION = YES_AGGRESSIVE;
				CLANG_CXX_LANGUAGE_STANDARD = "gnu++14";
				CLANG_CXX_LIBRARY = "libc++";
				CLANG_ENABLE_MODULES = YES;
				CLANG_ENABLE_OBJC_ARC = YES;
				CLANG_ENABLE_OBJC_WEAK = YES;
				CLANG_WARN_BLOCK_CAPTURE_AUTORELEASING = YES;
				CLANG_WARN_BOOL_CONVERSION = YES;
				CLANG_WARN_COMMA = YES;
				CLANG_WARN_CONSTANT_CONVERSION = YES;
				CLANG_WARN_DEPRECATED_OBJC_IMPLEMENTATIONS = YES;
				CLANG_WARN_DIRECT_OBJC_ISA_USAGE = YES_ERROR;
				CLANG_WARN_DOCUMENTATION_COMMENTS = YES;
				CLANG_WARN_EMPTY_BODY = YES;
				CLANG_WARN_ENUM_CONVERSION = YES;
				CLANG_WARN_INFINITE_RECURSION = YES;
				CLANG_WARN_INT_CONVERSION = YES;
				CLANG_WARN_NON_LITERAL_NULL_CONVERSION = YES;
				CLANG_WARN_OBJC_IMPLICIT_RETAIN_SELF = YES;
				CLANG_WARN_OBJC_LITERAL_CONVERSION = YES;
				CLANG_WARN_OBJC_ROOT_CLASS = YES_ERROR;
				CLANG_WARN_QUOTED_INCLUDE_IN_FRAMEWORK_HEADER = YES;
				CLANG_WARN_RANGE_LOOP_ANALYSIS = YES;
				CLANG_WARN_STRICT_PROTOTYPES = YES;
				CLANG_WARN_SUSPICIOUS_MOVE = YES;
				CLANG_WARN_UNGUARDED_AVAILABILITY = YES_AGGRESSIVE;
				CLANG_WARN_UNREACHABLE_CODE = YES;
				CLANG_WARN__DUPLICATE_METHOD_MATCH = YES;
				COPY_PHASE_STRIP = NO;
				DEBUG_INFORMATION_FORMAT = "dwarf-with-dsym";
				ENABLE_NS_ASSERTIONS = NO;
				ENABLE_STRICT_OBJC_MSGSEND = YES;
				GCC_C_LANGUAGE_STANDARD = gnu11;
				GCC_NO_COMMON_BLOCKS = YES;
				GCC_WARN_64_TO_32_BIT_CONVERSION = YES;
				GCC_WARN_ABOUT_RETURN_TYPE = YES_ERROR;
				GCC_WARN_UNDECLARED_SELECTOR = YES;
				GCC_WARN_UNINITIALIZED_AUTOS = YES_AGGRESSIVE;
				GCC_WARN_UNUSED_FUNCTION = YES;
				GCC_WARN_UNUSED_VARIABLE = YES;
				MACOSX_DEPLOYMENT_TARGET = 14.0;
				MTL_ENABLE_DEBUG_INFO = NO;
				MTL_FAST_MATH = YES;
				PRODUCT_NAME = "$(TARGET_NAME)";
				SDKROOT = macosx;
				SWIFT_COMPILATION_MODE = wholemodule;
				SWIFT_OPTIMIZATION_LEVEL = "-O";
				SWIFT_VERSION = 5.0;
			};
			name = Release;
		};
		77A669F7CF32BEE6EC3CC731 /* Debug */ = {
			isa = XCBuildConfiguration;
			buildSettings = {
				ALWAYS_SEARCH_USER_PATHS = NO;
				CLANG_ANALYZER_NONNULL = YES;
				CLANG_ANALYZER_NUMBER_OBJECT_CONVERSION = YES_AGGRESSIVE;
				CLANG_CXX_LANGUAGE_STANDARD = "gnu++14";
				CLANG_CXX_LIBRARY = "libc++";
				CLANG_ENABLE_MODULES = YES;
				CLANG_ENABLE_OBJC_ARC = YES;
				CLANG_ENABLE_OBJC_WEAK = YES;
				CLANG_WARN_BLOCK_CAPTURE_AUTORELEASING = YES;
				CLANG_WARN_BOOL_CONVERSION = YES;
				CLANG_WARN_COMMA = YES;
				CLANG_WARN_CONSTANT_CONVERSION = YES;
				CLANG_WARN_DEPRECATED_OBJC_IMPLEMENTATIONS = YES;
				CLANG_WARN_DIRECT_OBJC_ISA_USAGE = YES_ERROR;
				CLANG_WARN_DOCUMENTATION_COMMENTS = YES;
				CLANG_WARN_EMPTY_BODY = YES;
				CLANG_WARN_ENUM_CONVERSION = YES;
				CLANG_WARN_INFINITE_RECURSION = YES;
				CLANG_WARN_INT_CONVERSION = YES;
				CLANG_WARN_NON_LITERAL_NULL_CONVERSION = YES;
				CLANG_WARN_OBJC_IMPLICIT_RETAIN_SELF = YES;
				CLANG_WARN_OBJC_LITERAL_CONVERSION = YES;
				CLANG_WARN_OBJC_ROOT_CLASS = YES_ERROR;
				CLANG_WARN_QUOTED_INCLUDE_IN_FRAMEWORK_HEADER = YES;
				CLANG_WARN_RANGE_LOOP_ANALYSIS = YES;
				CLANG_WARN_STRICT_PROTOTYPES = YES;
				CLANG_WARN_SUSPICIOUS_MOVE = YES;
				CLANG_WARN_UNGUARDED_AVAILABILITY = YES_AGGRESSIVE;
				CLANG_WARN_UNREACHABLE_CODE = YES;
				CLANG_WARN__DUPLICATE_METHOD_MATCH = YES;
				COPY_PHASE_STRIP = NO;
				DEBUG_INFORMATION_FORMAT = dwarf;
				ENABLE_STRICT_OBJC_MSGSEND = YES;
				ENABLE_TESTABILITY = YES;
				GCC_C_LANGUAGE_STANDARD = gnu11;
				GCC_DYNAMIC_NO_PIC = NO;
				GCC_NO_COMMON_BLOCKS = YES;
				GCC_OPTIMIZATION_LEVEL = 0;
				GCC_PREPROCESSOR_DEFINITIONS = (
					"$(inherited)",
					"DEBUG=1",
				);
				GCC_WARN_64_TO_32_BIT_CONVERSION = YES;
				GCC_WARN_ABOUT_RETURN_TYPE = YES_ERROR;
				GCC_WARN_UNDECLARED_SELECTOR = YES;
				GCC_WARN_UNINITIALIZED_AUTOS = YES_AGGRESSIVE;
				GCC_WARN_UNUSED_FUNCTION = YES;
				GCC_WARN_UNUSED_VARIABLE = YES;
				MACOSX_DEPLOYMENT_TARGET = 14.0;
				MTL_ENABLE_DEBUG_INFO = INCLUDE_SOURCE;
				MTL_FAST_MATH = YES;
				ONLY_ACTIVE_ARCH = YES;
				PRODUCT_NAME = "$(TARGET_NAME)";
				SDKROOT = macosx;
				SWIFT_ACTIVE_COMPILATION_CONDITIONS = DEBUG;
				SWIFT_OPTIMIZATION_LEVEL = "-Onone";
				SWIFT_VERSION = 5.0;
			};
			name = Debug;
		};
		9CDC8E8811461AC74234BB92 /* Release */ = {
			isa = XCBuildConfiguration;
			buildSettings = {
				ASSETCATALOG_COMPILER_APPICON_NAME = AppIcon;
				CODE_SIGN_ENTITLEMENTS = LlatserListen/LlatserListen.entitlements;
				CODE_SIGN_IDENTITY = "-";
				COMBINE_HIDPI_IMAGES = YES;
				COREML_CODEGEN_LANGUAGE = None;
				CURRENT_PROJECT_VERSION = 1;
				ENABLE_HARDENED_RUNTIME = YES;
				INFOPLIST_FILE = LlatserListen/Info.plist;
				LD_RUNPATH_SEARCH_PATHS = (
					"$(inherited)",
					"@executable_path/../Frameworks",
				);
				MACOSX_DEPLOYMENT_TARGET = 14.0;
				MARKETING_VERSION = 1.0.0;
				PRODUCT_BUNDLE_IDENTIFIER = com.llatser.listen;
				PRODUCT_NAME = Beers;
				SDKROOT = macosx;
				SWIFT_VERSION = 5.9;
			};
			name = Release;
		};
		C3659BDF6C751B93B1D7F12B /* Debug */ = {
			isa = XCBuildConfiguration;
			buildSettings = {
				ASSETCATALOG_COMPILER_APPICON_NAME = AppIcon;
				CODE_SIGN_ENTITLEMENTS = LlatserListen/LlatserListen.entitlements;
				CODE_SIGN_IDENTITY = "-";
				COMBINE_HIDPI_IMAGES = YES;
				COREML_CODEGEN_LANGUAGE = None;
				CURRENT_PROJECT_VERSION = 1;
				ENABLE_HARDENED_RUNTIME = YES;
				INFOPLIST_FILE = LlatserListen/Info.plist;
				LD_RUNPATH_SEARCH_PATHS = (
					"$(inherited)",
					"@executable_path/../Frameworks",
				);
				MACOSX_DEPLOYMENT_TARGET = 14.0;
				MARKETING_VERSION = 1.0.0;
				PRODUCT_BUNDLE_IDENTIFIER = com.llatser.listen;
				PRODUCT_NAME = Beers;
				SDKROOT = macosx;
				SWIFT_VERSION = 5.9;
			};
			name = Debug;
		};
/* End XCBuildConfiguration section */

/* Begin XCConfigurationList section */
		83013AAFA255AE50EC3DB413 /* Build configuration list for PBXNativeTarget "LlatserListen" */ = {
			isa = XCConfigurationList;
			buildConfigurations = (
				C3659BDF6C751B93B1D7F12B /* Debug */,
				9CDC8E8811461AC74234BB92 /* Release */,
			);
			defaultConfigurationIsVisible = 0;
			defaultConfigurationName = Debug;
		};
		991A28CD885FC1DB733A7C76 /* Build configuration list for PBXProject "LlatserListen" */ = {
			isa = XCConfigurationList;
			buildConfigurations = (
				77A669F7CF32BEE6EC3CC731 /* Debug */,
				43748D7B0AA380A6FAB21B9C /* Release */,
			);
			defaultConfigurationIsVisible = 0;
			defaultConfigurationName = Debug;
		};
/* End XCConfigurationList section */

/* Begin XCRemoteSwiftPackageReference section */
		90CC6ACDFF6BD3105C51BF79 /* XCRemoteSwiftPackageReference "FluidAudio" */ = {
			isa = XCRemoteSwiftPackageReference;
			repositoryURL = "https://github.com/FluidInference/FluidAudio";
			requirement = {
				kind = upToNextMajorVersion;
				minimumVersion = 0.13.6;
			};
		};
/* End XCRemoteSwiftPackageReference section */

/* Begin XCSwiftPackageProductDependency section */
		C5AEF2B78562A128C9ECB9B9 /* FluidAudio */ = {
			isa = XCSwiftPackageProductDependency;
			package = 90CC6ACDFF6BD3105C51BF79 /* XCRemoteSwiftPackageReference "FluidAudio" */;
			productName = FluidAudio;
		};
/* End XCSwiftPackageProductDependency section */
	};
	rootObject = 8624537895714FB1F0068250 /* Project object */;
}
